
Microsoft Visual Studio Solution File, Format Version 12.00
# Visual Studio Version 16
VisualStudioVersion = 16.0.29503.13
MinimumVisualStudioVersion = 10.0.40219.1
Project("{FAE04EC0-301F-11D3-BF4B-00C04F79EFBC}") = "CVKeyboard.UWP", "CVKeyboard\CVKeyboard.UWP\CVKeyboard.UWP.csproj", "{CA107C19-F76A-40D5-88D6-A221323C8689}"
EndProject
Project("{FAE04EC0-301F-11D3-BF4B-00C04F79EFBC}") = "CVKeyboard.Android", "CVKeyboard\CVKeyboard.Android\CVKeyboard.Android.csproj", "{4137C9CB-685D-4FF4-A958-817ED4C1A125}"
EndProject
Project("{FAE04EC0-301F-11D3-BF4B-00C04F79EFBC}") = "CVKeyboard.iOS", "CVKeyboard\CVKeyboard.iOS\CVKeyboard.iOS.csproj", "{D83C1097-3E47-4675-8133-AC767BA46B2B}"
EndProject
Project("{FAE04EC0-301F-11D3-BF4B-00C04F79EFBC}") = "CVKeyboard", "CVKeyboard\CVKeyboard\CVKeyboard.csproj", "{5F54884D-223F-4AA0-ABFC-06D7F7985012}"
EndProject
Global
	GlobalSection(SolutionConfigurationPlatforms) = preSolution
		Debug|Any CPU = Debug|Any CPU
		Debug|ARM = Debug|ARM
		Debug|iPhone = Debug|iPhone
		Debug|iPhoneSimulator = Debug|iPhoneSimulator
		Debug|x64 = Debug|x64
		Debug|x86 = Debug|x86
		Release|Any CPU = Release|Any CPU
		Release|ARM = Release|ARM
		Release|iPhone = Release|iPhone
		Release|iPhoneSimulator = Release|iPhoneSimulator
		Release|x64 = Release|x64
		Release|x86 = Release|x86
	EndGlobalSection
	GlobalSection(ProjectConfigurationPlatforms) = postSolution
		{CA107C19-F76A-40D5-88D6-A221323C8689}.Debug|Any CPU.ActiveCfg = Debug|x86
		{CA107C19-F76A-40D5-88D6-A221323C8689}.Debug|Any CPU.Build.0 = Debug|x86
		{CA107C19-F76A-40D5-88D6-A221323C8689}.Debug|Any CPU.Deploy.0 = Debug|x86
		{CA107C19-F76A-40D5-88D6-A221323C8689}.Debug|ARM.ActiveCfg = Debug|ARM
		{CA107C19-F76A-40D5-88D6-A221323C8689}.Debug|ARM.Build.0 = Debug|ARM
		{CA107C19-F76A-40D5-88D6-A221323C8689}.Debug|ARM.Deploy.0 = Debug|ARM
		{CA107C19-F76A-40D5-88D6-A221323C8689}.Debug|iPhone.ActiveCfg = Debug|x86
		{CA107C19-F76A-40D5-88D6-A221323C8689}.Debug|iPhone.Build.0 = Debug|x86
		{CA107C19-F76A-40D5-88D6-A221323C8689}.Debug|iPhone.Deploy.0 = Debug|x86
		{CA107C19-F76A-40D5-88D6-A221323C8689}.Debug|iPhoneSimulator.ActiveCfg = Debug|x86
		{CA107C19-F76A-40D5-88D6-A221323C8689}.Debug|iPhoneSimulator.Build.0 = Debug|x86
		{CA107C19-F76A-40D5-88D6-A221323C8689}.Debug|iPhoneSimulator.Deploy.0 = Debug|x86
		{CA107C19-F76A-40D5-88D6-A221323C8689}.Debug|x64.ActiveCfg = Debug|x64
		{CA107C19-F76A-40D5-88D6-A221323C8689}.Debug|x64.Build.0 = Debug|x64
		{CA107C19-F76A-40D5-88D6-A221323C8689}.Debug|x64.Deploy.0 = Debug|x64
		{CA107C19-F76A-40D5-88D6-A221323C8689}.Debug|x86.ActiveCfg = Debug|x86
		{CA107C19-F76A-40D5-88D6-A221323C8689}.Debug|x86.Build.0 = Debug|x86
		{CA107C19-F76A-40D5-88D6-A221323C8689}.Debug|x86.Deploy.0 = Debug|x86
		{CA107C19-F76A-40D5-88D6-A221323C8689}.Release|Any CPU.ActiveCfg = Release|x86
		{CA107C19-F76A-40D5-88D6-A221323C8689}.Release|Any CPU.Build.0 = Release|x86
		{CA107C19-F76A-40D5-88D6-A221323C8689}.Release|Any CPU.Deploy.0 = Release|x86
		{CA107C19-F76A-40D5-88D6-A221323C8689}.Release|ARM.ActiveCfg = Release|ARM
		{CA107C19-F76A-40D5-88D6-A221323C8689}.Release|ARM.Build.0 = Release|ARM
		{CA107C19-F76A-40D5-88D6-A221323C8689}.Release|ARM.Deploy.0 = Release|ARM
		{CA107C19-F76A-40D5-88D6-A221323C8689}.Release|iPhone.ActiveCfg = Release|x86
		{CA107C19-F76A-40D5-88D6-A221323C8689}.Release|iPhone.Build.0 = Release|x86
		{CA107C19-F76A-40D5-88D6-A221323C8689}.Release|iPhone.Deploy.0 = Release|x86
		{CA107C19-F76A-40D5-88D6-A221323C8689}.Release|iPhoneSimulator.ActiveCfg = Release|x86
		{CA107C19-F76A-40D5-88D6-A221323C8689}.Release|iPhoneSimulator.Build.0 = Release|x86
		{CA107C19-F76A-40D5-88D6-A221323C8689}.Release|iPhoneSimulator.Deploy.0 = Release|x86
		{CA107C19-F76A-40D5-88D6-A221323C8689}.Release|x64.ActiveCfg = Release|x64
		{CA107C19-F76A-40D5-88D6-A221323C8689}.Release|x64.Build.0 = Release|x64
		{CA107C19-F76A-40D5-88D6-A221323C8689}.Release|x64.Deploy.0 = Release|x64
		{CA107C19-F76A-40D5-88D6-A221323C8689}.Release|x86.ActiveCfg = Release|x86
		{CA107C19-F76A-40D5-88D6-A221323C8689}.Release|x86.Build.0 = Release|x86
		{CA107C19-F76A-40D5-88D6-A221323C8689}.Release|x86.Deploy.0 = Release|x86
		{4137C9CB-685D-4FF4-A958-817ED4C1A125}.Debug|Any CPU.ActiveCfg = Debug|Any CPU
		{4137C9CB-685D-4FF4-A958-817ED4C1A125}.Debug|Any CPU.Build.0 = Debug|Any CPU
		{4137C9CB-685D-4FF4-A958-817ED4C1A125}.Debug|Any CPU.Deploy.0 = Debug|Any CPU
		{4137C9CB-685D-4FF4-A958-817ED4C1A125}.Debug|ARM.ActiveCfg = Debug|Any CPU
		{4137C9CB-685D-4FF4-A958-817ED4C1A125}.Debug|ARM.Build.0 = Debug|Any CPU
		{4137C9CB-685D-4FF4-A958-817ED4C1A125}.Debug|ARM.Deploy.0 = Debug|Any CPU
		{4137C9CB-685D-4FF4-A958-817ED4C1A125}.Debug|iPhone.ActiveCfg = Debug|Any CPU
		{4137C9CB-685D-4FF4-A958-817ED4C1A125}.Debug|iPhone.Build.0 = Debug|Any CPU
		{4137C9CB-685D-4FF4-A958-817ED4C1A125}.Debug|iPhone.Deploy.0 = Debug|Any CPU
		{4137C9CB-685D-4FF4-A958-817ED4C1A125}.Debug|iPhoneSimulator.ActiveCfg = Debug|Any CPU
		{4137C9CB-685D-4FF4-A958-817ED4C1A125}.Debug|iPhoneSimulator.Build.0 = Debug|Any CPU
		{4137C9CB-685D-4FF4-A958-817ED4C1A125}.Debug|iPhoneSimulator.Deploy.0 = Debug|Any CPU
		{4137C9CB-685D-4FF4-A958-817ED4C1A125}.Debug|x64.ActiveCfg = Debug|Any CPU
		{4137C9CB-685D-4FF4-A958-817ED4C1A125}.Debug|x64.Build.0 = Debug|Any CPU
		{4137C9CB-685D-4FF4-A958-817ED4C1A125}.Debug|x64.Deploy.0 = Debug|Any CPU
		{4137C9CB-685D-4FF4-A958-817ED4C1A125}.Debug|x86.ActiveCfg = Debug|Any CPU
		{4137C9CB-685D-4FF4-A958-817ED4C1A125}.Debug|x86.Build.0 = Debug|Any CPU
		{4137C9CB-685D-4FF4-A958-817ED4C1A125}.Debug|x86.Deploy.0 = Debug|Any CPU
		{4137C9CB-685D-4FF4-A958-817ED4C1A125}.Release|Any CPU.ActiveCfg = Release|Any CPU
		{4137C9CB-685D-4FF4-A958-817ED4C1A125}.Release|Any CPU.Build.0 = Release|Any CPU
		{4137C9CB-685D-4FF4-A958-817ED4C1A125}.Release|Any CPU.Deploy.0 = Release|Any CPU
		{4137C9CB-685D-4FF4-A958-817ED4C1A125}.Release|ARM.ActiveCfg = Release|Any CPU
		{4137C9CB-685D-4FF4-A958-817ED4C1A125}.Release|ARM.Build.0 = Release|Any CPU
		{4137C9CB-685D-4FF4-A958-817ED4C1A125}.Release|ARM.Deploy.0 = Release|Any CPU
		{4137C9CB-685D-4FF4-A958-817ED4C1A125}.Release|iPhone.ActiveCfg = Release|Any CPU
		{4137C9CB-685D-4FF4-A958-817ED4C1A125}.Release|iPhone.Build.0 = Release|Any CPU
		{4137C9CB-685D-4FF4-A958-817ED4C1A125}.Release|iPhone.Deploy.0 = Release|Any CPU
		{4137C9CB-685D-4FF4-A958-817ED4C1A125}.Release|iPhoneSimulator.ActiveCfg = Release|Any CPU
		{4137C9CB-685D-4FF4-A958-817ED4C1A125}.Release|iPhoneSimulator.Build.0 = Release|Any CPU
		{4137C9CB-685D-4FF4-A958-817ED4C1A125}.Release|iPhoneSimulator.Deploy.0 = Release|Any CPU
		{4137C9CB-685D-4FF4-A958-817ED4C1A125}.Release|x64.ActiveCfg = Release|Any CPU
		{4137C9CB-685D-4FF4-A958-817ED4C1A125}.Release|x64.Build.0 = Release|Any CPU
		{4137C9CB-685D-4FF4-A958-817ED4C1A125}.Release|x64.Deploy.0 = Release|Any CPU
		{4137C9CB-685D-4FF4-A958-817ED4C1A125}.Release|x86.ActiveCfg = Release|Any CPU
		{4137C9CB-685D-4FF4-A958-817ED4C1A125}.Release|x86.Build.0 = Release|Any CPU
		{4137C9CB-685D-4FF4-A958-817ED4C1A125}.Release|x86.Deploy.0 = Release|Any CPU
		{D83C1097-3E47-4675-8133-AC767BA46B2B}.Debug|Any CPU.ActiveCfg = Debug|iPhone
		{D83C1097-3E47-4675-8133-AC767BA46B2B}.Debug|Any CPU.Build.0 = Debug|iPhone
		{D83C1097-3E47-4675-8133-AC767BA46B2B}.Debug|Any CPU.Deploy.0 = Debug|iPhone
		{D83C1097-3E47-4675-8133-AC767BA46B2B}.Debug|ARM.ActiveCfg = Debug|iPhoneSimulator
		{D83C1097-3E47-4675-8133-AC767BA46B2B}.Debug|ARM.Build.0 = Debug|iPhoneSimulator
		{D83C1097-3E47-4675-8133-AC767BA46B2B}.Debug|ARM.Deploy.0 = Debug|iPhoneSimulator
		{D83C1097-3E47-4675-8133-AC767BA46B2B}.Debug|iPhone.ActiveCfg = Debug|iPhone
		{D83C1097-3E47-4675-8133-AC767BA46B2B}.Debug|iPhone.Build.0 = Debug|iPhone
		{D83C1097-3E47-4675-8133-AC767BA46B2B}.Debug|iPhone.Deploy.0 = Debug|iPhone
		{D83C1097-3E47-4675-8133-AC767BA46B2B}.Debug|iPhoneSimulator.ActiveCfg = Debug|iPhoneSimulator
		{D83C1097-3E47-4675-8133-AC767BA46B2B}.Debug|iPhoneSimulator.Build.0 = Debug|iPhoneSimulator
		{D83C1097-3E47-4675-8133-AC767BA46B2B}.Debug|iPhoneSimulator.Deploy.0 = Debug|iPhoneSimulator
		{D83C1097-3E47-4675-8133-AC767BA46B2B}.Debug|x64.ActiveCfg = Debug|iPhone
		{D83C1097-3E47-4675-8133-AC767BA46B2B}.Debug|x64.Build.0 = Debug|iPhone
		{D83C1097-3E47-4675-8133-AC767BA46B2B}.Debug|x64.Deploy.0 = Debug|iPhone
		{D83C1097-3E47-4675-8133-AC767BA46B2B}.Debug|x86.ActiveCfg = Debug|iPhone
		{D83C1097-3E47-4675-8133-AC767BA46B2B}.Debug|x86.Build.0 = Debug|iPhone
		{D83C1097-3E47-4675-8133-AC767BA46B2B}.Debug|x86.Deploy.0 = Debug|iPhone
		{D83C1097-3E47-4675-8133-AC767BA46B2B}.Release|Any CPU.ActiveCfg = Release|iPhone
		{D83C1097-3E47-4675-8133-AC767BA46B2B}.Release|Any CPU.Build.0 = Release|iPhone
		{D83C1097-3E47-4675-8133-AC767BA46B2B}.Release|Any CPU.Deploy.0 = Release|iPhone
		{D83C1097-3E47-4675-8133-AC767BA46B2B}.Release|ARM.ActiveCfg = Release|iPhone
		{D83C1097-3E47-4675-8133-AC767BA46B2B}.Release|ARM.Build.0 = Release|iPhone
		{D83C1097-3E47-4675-8133-AC767BA46B2B}.Release|ARM.Deploy.0 = Release|iPhone
		{D83C1097-3E47-4675-8133-AC767BA46B2B}.Release|iPhone.ActiveCfg = Release|iPhone
		{D83C1097-3E47-4675-8133-AC767BA46B2B}.Release|iPhone.Build.0 = Release|iPhone
		{D83C1097-3E47-4675-8133-AC767BA46B2B}.Release|iPhone.Deploy.0 = Release|iPhone
		{D83C1097-3E47-4675-8133-AC767BA46B2B}.Release|iPhoneSimulator.ActiveCfg = Release|iPhoneSimulator
		{D83C1097-3E47-4675-8133-AC767BA46B2B}.Release|iPhoneSimulator.Build.0 = Release|iPhoneSimulator
		{D83C1097-3E47-4675-8133-AC767BA46B2B}.Release|iPhoneSimulator.Deploy.0 = Release|iPhoneSimulator
		{D83C1097-3E47-4675-8133-AC767BA46B2B}.Release|x64.ActiveCfg = Release|iPhone
		{D83C1097-3E47-4675-8133-AC767BA46B2B}.Release|x64.Build.0 = Release|iPhone
		{D83C1097-3E47-4675-8133-AC767BA46B2B}.Release|x64.Deploy.0 = Release|iPhone
		{D83C1097-3E47-4675-8133-AC767BA46B2B}.Release|x86.ActiveCfg = Release|iPhone
		{D83C1097-3E47-4675-8133-AC767BA46B2B}.Release|x86.Build.0 = Release|iPhone
		{D83C1097-3E47-4675-8133-AC767BA46B2B}.Release|x86.Deploy.0 = Release|iPhone
		{5F54884D-223F-4AA0-ABFC-06D7F7985012}.Debug|Any CPU.ActiveCfg = Debug|Any CPU
		{5F54884D-223F-4AA0-ABFC-06D7F7985012}.Debug|Any CPU.Build.0 = Debug|Any CPU
		{5F54884D-223F-4AA0-ABFC-06D7F7985012}.Debug|Any CPU.Deploy.0 = Debug|Any CPU
		{5F54884D-223F-4AA0-ABFC-06D7F7985012}.Debug|ARM.ActiveCfg = Debug|Any CPU
		{5F54884D-223F-4AA0-ABFC-06D7F7985012}.Debug|ARM.Build.0 = Debug|Any CPU
		{5F54884D-223F-4AA0-ABFC-06D7F7985012}.Debug|ARM.Deploy.0 = Debug|Any CPU
		{5F54884D-223F-4AA0-ABFC-06D7F7985012}.Debug|iPhone.ActiveCfg = Debug|Any CPU
		{5F54884D-223F-4AA0-ABFC-06D7F7985012}.Debug|iPhone.Build.0 = Debug|Any CPU
		{5F54884D-223F-4AA0-ABFC-06D7F7985012}.Debug|iPhone.Deploy.0 = Debug|Any CPU
		{5F54884D-223F-4AA0-ABFC-06D7F7985012}.Debug|iPhoneSimulator.ActiveCfg = Debug|Any CPU
		{5F54884D-223F-4AA0-ABFC-06D7F7985012}.Debug|iPhoneSimulator.Build.0 = Debug|Any CPU
		{5F54884D-223F-4AA0-ABFC-06D7F7985012}.Debug|iPhoneSimulator.Deploy.0 = Debug|Any CPU
		{5F54884D-223F-4AA0-ABFC-06D7F7985012}.Debug|x64.ActiveCfg = Debug|Any CPU
		{5F54884D-223F-4AA0-ABFC-06D7F7985012}.Debug|x64.Build.0 = Debug|Any CPU
		{5F54884D-223F-4AA0-ABFC-06D7F7985012}.Debug|x64.Deploy.0 = Debug|Any CPU
		{5F54884D-223F-4AA0-ABFC-06D7F7985012}.Debug|x86.ActiveCfg = Debug|Any CPU
		{5F54884D-223F-4AA0-ABFC-06D7F7985012}.Debug|x86.Build.0 = Debug|Any CPU
		{5F54884D-223F-4AA0-ABFC-06D7F7985012}.Debug|x86.Deploy.0 = Debug|Any CPU
		{5F54884D-223F-4AA0-ABFC-06D7F7985012}.Release|Any CPU.ActiveCfg = Release|Any CPU
		{5F54884D-223F-4AA0-ABFC-06D7F7985012}.Release|Any CPU.Build.0 = Release|Any CPU
		{5F54884D-223F-4AA0-ABFC-06D7F7985012}.Release|Any CPU.Deploy.0 = Release|Any CPU
		{5F54884D-223F-4AA0-ABFC-06D7F7985012}.Release|ARM.ActiveCfg = Release|Any CPU
		{5F54884D-223F-4AA0-ABFC-06D7F7985012}.Release|ARM.Build.0 = Release|Any CPU
		{5F54884D-223F-4AA0-ABFC-06D7F7985012}.Release|ARM.Deploy.0 = Release|Any CPU
		{5F54884D-223F-4AA0-ABFC-06D7F7985012}.Release|iPhone.ActiveCfg = Release|Any CPU
		{5F54884D-223F-4AA0-ABFC-06D7F7985012}.Release|iPhone.Build.0 = Release|Any CPU
		{5F54884D-223F-4AA0-ABFC-06D7F7985012}.Release|iPhone.Deploy.0 = Release|Any CPU
		{5F54884D-223F-4AA0-ABFC-06D7F7985012}.Release|iPhoneSimulator.ActiveCfg = Release|Any CPU
		{5F54884D-223F-4AA0-ABFC-06D7F7985012}.Release|iPhoneSimulator.Build.0 = Release|Any CPU
		{5F54884D-223F-4AA0-ABFC-06D7F7985012}.Release|iPhoneSimulator.Deploy.0 = Release|Any CPU
		{5F54884D-223F-4AA0-ABFC-06D7F7985012}.Release|x64.ActiveCfg = Release|Any CPU
		{5F54884D-223F-4AA0-ABFC-06D7F7985012}.Release|x64.Build.0 = Release|Any CPU
		{5F54884D-223F-4AA0-ABFC-06D7F7985012}.Release|x64.Deploy.0 = Release|Any CPU
		{5F54884D-223F-4AA0-ABFC-06D7F7985012}.Release|x86.ActiveCfg = Release|Any CPU
		{5F54884D-223F-4AA0-ABFC-06D7F7985012}.Release|x86.Build.0 = Release|Any CPU
		{5F54884D-223F-4AA0-ABFC-06D7F7985012}.Release|x86.Deploy.0 = Release|Any CPU
	EndGlobalSection
	GlobalSection(SolutionProperties) = preSolution
		HideSolutionNode = FALSE
	EndGlobalSection
	GlobalSection(ExtensibilityGlobals) = postSolution
		SolutionGuid = {F0FFFAE3-3049-40A2-B180-D99D9F009C4C}
	EndGlobalSection
EndGlobal
